// !$*UTF8*$!
{
	archiveVersion = 1;
	classes = {
	};
	objectVersion = 51;
	objects = {

/* Begin PBXBuildFile section */
		2FA4E267231C7FB9EE35E5AC /* Pods_FirstClassTrip.framework in Frameworks */ = {isa = PBXBuildFile; fileRef = 46FAA59D764915EF1EC84DA6 /* Pods_FirstClassTrip.framework */; };
		9B67DC20249509440022C1FE /* AppDelegate.swift in Sources */ = {isa = PBXBuildFile; fileRef = 9B67DC1F249509440022C1FE /* AppDelegate.swift */; };
		9B67DC22249509440022C1FE /* SceneDelegate.swift in Sources */ = {isa = PBXBuildFile; fileRef = 9B67DC21249509440022C1FE /* SceneDelegate.swift */; };
		9B67DC27249509440022C1FE /* Main.storyboard in Resources */ = {isa = PBXBuildFile; fileRef = 9B67DC25249509440022C1FE /* Main.storyboard */; };
		9B67DC29249509450022C1FE /* Assets.xcassets in Resources */ = {isa = PBXBuildFile; fileRef = 9B67DC28249509450022C1FE /* Assets.xcassets */; };
		9B67DC2C249509450022C1FE /* LaunchScreen.storyboard in Resources */ = {isa = PBXBuildFile; fileRef = 9B67DC2A249509450022C1FE /* LaunchScreen.storyboard */; };
		9B67DC3724950E1E0022C1FE /* MainViewController.swift in Sources */ = {isa = PBXBuildFile; fileRef = 9B67DC23249509440022C1FE /* MainViewController.swift */; };
		9B9D32A6249510630016A245 /* 11425-travel-icons-luggage.json in Resources */ = {isa = PBXBuildFile; fileRef = 9B9D32A5249510630016A245 /* 11425-travel-icons-luggage.json */; };
/* End PBXBuildFile section */

/* Begin PBXFileReference section */
		46FAA59D764915EF1EC84DA6 /* Pods_FirstClassTrip.framework */ = {isa = PBXFileReference; explicitFileType = wrapper.framework; includeInIndex = 0; path = Pods_FirstClassTrip.framework; sourceTree = BUILT_PRODUCTS_DIR; };
		48206456AB8EE2F3AAB58518 /* Pods-FirstClassTrip.debug.xcconfig */ = {isa = PBXFileReference; includeInIndex = 1; lastKnownFileType = text.xcconfig; name = "Pods-FirstClassTrip.debug.xcconfig"; path = "Target Support Files/Pods-FirstClassTrip/Pods-FirstClassTrip.debug.xcconfig"; sourceTree = "<group>"; };
		9B67DC1C249509440022C1FE /* FirstClassTrip.app */ = {isa = PBXFileReference; explicitFileType = wrapper.application; includeInIndex = 0; path = FirstClassTrip.app; sourceTree = BUILT_PRODUCTS_DIR; };
		9B67DC1F249509440022C1FE /* AppDelegate.swift */ = {isa = PBXFileReference; lastKnownFileType = sourcecode.swift; path = AppDelegate.swift; sourceTree = "<group>"; };
		9B67DC21249509440022C1FE /* SceneDelegate.swift */ = {isa = PBXFileReference; lastKnownFileType = sourcecode.swift; path = SceneDelegate.swift; sourceTree = "<group>"; };
		9B67DC23249509440022C1FE /* MainViewController.swift */ = {isa = PBXFileReference; lastKnownFileType = sourcecode.swift; path = MainViewController.swift; sourceTree = "<group>"; };
		9B67DC26249509440022C1FE /* Base */ = {isa = PBXFileReference; lastKnownFileType = file.storyboard; name = Base; path = Base.lproj/Main.storyboard; sourceTree = "<group>"; };
		9B67DC28249509450022C1FE /* Assets.xcassets */ = {isa = PBXFileReference; lastKnownFileType = folder.assetcatalog; path = Assets.xcassets; sourceTree = "<group>"; };
		9B67DC2B249509450022C1FE /* Base */ = {isa = PBXFileReference; lastKnownFileType = file.storyboard; name = Base; path = Base.lproj/LaunchScreen.storyboard; sourceTree = "<group>"; };
		9B67DC2D249509450022C1FE /* Info.plist */ = {isa = PBXFileReference; lastKnownFileType = text.plist.xml; path = Info.plist; sourceTree = "<group>"; };
		9B9D32A5249510630016A245 /* 11425-travel-icons-luggage.json */ = {isa = PBXFileReference; fileEncoding = 4; lastKnownFileType = text.json; path = "11425-travel-icons-luggage.json"; sourceTree = "<group>"; };
		E7DCC797728AE6A770D8E238 /* Pods-FirstClassTrip.release.xcconfig */ = {isa = PBXFileReference; includeInIndex = 1; lastKnownFileType = text.xcconfig; name = "Pods-FirstClassTrip.release.xcconfig"; path = "Target Support Files/Pods-FirstClassTrip/Pods-FirstClassTrip.release.xcconfig"; sourceTree = "<group>"; };
/* End PBXFileReference section */

/* Begin PBXFrameworksBuildPhase section */
		9B67DC19249509440022C1FE /* Frameworks */ = {
			isa = PBXFrameworksBuildPhase;
			buildActionMask = 2147483647;
			files = (
				2FA4E267231C7FB9EE35E5AC /* Pods_FirstClassTrip.framework in Frameworks */,
			);
			runOnlyForDeploymentPostprocessing = 0;
		};
/* End PBXFrameworksBuildPhase section */

/* Begin PBXGroup section */
		10860067413416C2CE40D099 /* Frameworks */ = {
			isa = PBXGroup;
			children = (
				46FAA59D764915EF1EC84DA6 /* Pods_FirstClassTrip.framework */,
			);
			name = Frameworks;
			sourceTree = "<group>";
		};
		73FE139261AEEEAC8C15BC46 /* Pods */ = {
			isa = PBXGroup;
			children = (
				48206456AB8EE2F3AAB58518 /* Pods-FirstClassTrip.debug.xcconfig */,
				E7DCC797728AE6A770D8E238 /* Pods-FirstClassTrip.release.xcconfig */,
			);
			path = Pods;
			sourceTree = "<group>";
		};
		9B67DC13249509440022C1FE = {
			isa = PBXGroup;
			children = (
				9B9D32A5249510630016A245 /* 11425-travel-icons-luggage.json */,
				9B67DC1E249509440022C1FE /* FirstClassTrip */,
				9B67DC1D249509440022C1FE /* Products */,
				73FE139261AEEEAC8C15BC46 /* Pods */,
				10860067413416C2CE40D099 /* Frameworks */,
			);
			sourceTree = "<group>";
		};
		9B67DC1D249509440022C1FE /* Products */ = {
			isa = PBXGroup;
			children = (
				9B67DC1C249509440022C1FE /* FirstClassTrip.app */,
			);
			name = Products;
			sourceTree = "<group>";
		};
		9B67DC1E249509440022C1FE /* FirstClassTrip */ = {
			isa = PBXGroup;
			children = (
				9B67DC3824950E3C0022C1FE /* ViewControllers */,
				9B67DC1F249509440022C1FE /* AppDelegate.swift */,
				9B67DC21249509440022C1FE /* SceneDelegate.swift */,
				9B67DC25249509440022C1FE /* Main.storyboard */,
				9B67DC28249509450022C1FE /* Assets.xcassets */,
				9B67DC2A249509450022C1FE /* LaunchScreen.storyboard */,
				9B67DC2D249509450022C1FE /* Info.plist */,
			);
			path = FirstClassTrip;
			sourceTree = "<group>";
		};
		9B67DC3824950E3C0022C1FE /* ViewControllers */ = {
			isa = PBXGroup;
			children = (
				9B67DC23249509440022C1FE /* MainViewController.swift */,
			);
			path = ViewControllers;
			sourceTree = "<group>";
		};
/* End PBXGroup section */

/* Begin PBXNativeTarget section */
		9B67DC1B249509440022C1FE /* FirstClassTrip */ = {
			isa = PBXNativeTarget;
			buildConfigurationList = 9B67DC30249509450022C1FE /* Build configuration list for PBXNativeTarget "FirstClassTrip" */;
			buildPhases = (
				4569AAF5B536BAE7E2E25C2F /* [CP] Check Pods Manifest.lock */,
				9B67DC18249509440022C1FE /* Sources */,
				9B67DC19249509440022C1FE /* Frameworks */,
				9B67DC1A249509440022C1FE /* Resources */,
				D05AA3221ED21102FDEF73ED /* [CP] Embed Pods Frameworks */,
			);
			buildRules = (
			);
			dependencies = (
			);
			name = FirstClassTrip;
			productName = FirstClassTrip;
			productReference = 9B67DC1C249509440022C1FE /* FirstClassTrip.app */;
			productType = "com.apple.product-type.application";
		};
/* End PBXNativeTarget section */

/* Begin PBXProject section */
		9B67DC14249509440022C1FE /* Project object */ = {
			isa = PBXProject;
			attributes = {
				LastSwiftUpdateCheck = 1150;
				LastUpgradeCheck = 1150;
				ORGANIZATIONNAME = "jangwon moon";
				TargetAttributes = {
					9B67DC1B249509440022C1FE = {
						CreatedOnToolsVersion = 11.5;
					};
				};
			};
			buildConfigurationList = 9B67DC17249509440022C1FE /* Build configuration list for PBXProject "FirstClassTrip" */;
			compatibilityVersion = "Xcode 9.3";
			developmentRegion = en;
			hasScannedForEncodings = 0;
			knownRegions = (
				en,
				Base,
			);
			mainGroup = 9B67DC13249509440022C1FE;
			productRefGroup = 9B67DC1D249509440022C1FE /* Products */;
			projectDirPath = "";
			projectRoot = "";
			targets = (
				9B67DC1B249509440022C1FE /* FirstClassTrip */,
			);
		};
/* End PBXProject section */

/* Begin PBXResourcesBuildPhase section */
		9B67DC1A249509440022C1FE /* Resources */ = {
			isa = PBXResourcesBuildPhase;
			buildActionMask = 2147483647;
			files = (
				9B67DC2C249509450022C1FE /* LaunchScreen.storyboard in Resources */,
				9B9D32A6249510630016A245 /* 11425-travel-icons-luggage.json in Resources */,
				9B67DC29249509450022C1FE /* Assets.xcassets in Resources */,
				9B67DC27249509440022C1FE /* Main.storyboard in Resources */,
			);
			runOnlyForDeploymentPostprocessing = 0;
		};
/* End PBXResourcesBuildPhase section */

/* Begin PBXShellScriptBuildPhase section */
		4569AAF5B536BAE7E2E25C2F /* [CP] Check Pods Manifest.lock */ = {
			isa = PBXShellScriptBuildPhase;
			buildActionMask = 2147483647;
			files = (
			);
			inputFileListPaths = (
			);
			inputPaths = (
				"${PODS_PODFILE_DIR_PATH}/Podfile.lock",
				"${PODS_ROOT}/Manifest.lock",
			);
			name = "[CP] Check Pods Manifest.lock";
			outputFileListPaths = (
			);
			outputPaths = (
				"$(DERIVED_FILE_DIR)/Pods-FirstClassTrip-checkManifestLockResult.txt",
			);
			runOnlyForDeploymentPostprocessing = 0;
			shellPath = /bin/sh;
			shellScript = "diff \"${PODS_PODFILE_DIR_PATH}/Podfile.lock\" \"${PODS_ROOT}/Manifest.lock\" > /dev/null\nif [ $? != 0 ] ; then\n    # print error to STDERR\n    echo \"error: The sandbox is not in sync with the Podfile.lock. Run 'pod install' or update your CocoaPods installation.\" >&2\n    exit 1\nfi\n# This output is used by Xcode 'outputs' to avoid re-running this script phase.\necho \"SUCCESS\" > \"${SCRIPT_OUTPUT_FILE_0}\"\n";
			showEnvVarsInLog = 0;
		};
		D05AA3221ED21102FDEF73ED /* [CP] Embed Pods Frameworks */ = {
			isa = PBXShellScriptBuildPhase;
			buildActionMask = 2147483647;
			files = (
			);
			inputFileListPaths = (
				"${PODS_ROOT}/Target Support Files/Pods-FirstClassTrip/Pods-FirstClassTrip-frameworks-${CONFIGURATION}-input-files.xcfilelist",
			);
			name = "[CP] Embed Pods Frameworks";
			outputFileListPaths = (
				"${PODS_ROOT}/Target Support Files/Pods-FirstClassTrip/Pods-FirstClassTrip-frameworks-${CONFIGURATION}-output-files.xcfilelist",
			);
			runOnlyForDeploymentPostprocessing = 0;
			shellPath = /bin/sh;
			shellScript = "\"${PODS_ROOT}/Target Support Files/Pods-FirstClassTrip/Pods-FirstClassTrip-frameworks.sh\"\n";
			showEnvVarsInLog = 0;
		};
/* End PBXShellScriptBuildPhase section */

/* Begin PBXSourcesBuildPhase section */
		9B67DC18249509440022C1FE /* Sources */ = {
			isa = PBXSourcesBuildPhase;
			buildActionMask = 2147483647;
			files = (
				9B67DC3724950E1E0022C1FE /* MainViewController.swift in Sources */,
				9B67DC20249509440022C1FE /* AppDelegate.swift in Sources */,
				9B67DC22249509440022C1FE /* SceneDelegate.swift in Sources */,
			);
			runOnlyForDeploymentPostprocessing = 0;
		};
/* End PBXSourcesBuildPhase section */

/* Begin PBXVariantGroup section */
		9B67DC25249509440022C1FE /* Main.storyboard */ = {
			isa = PBXVariantGroup;
			children = (
				9B67DC26249509440022C1FE /* Base */,
			);
			name = Main.storyboard;
			sourceTree = "<group>";
		};
		9B67DC2A249509450022C1FE /* LaunchScreen.storyboard */ = {
			isa = PBXVariantGroup;
			children = (
				9B67DC2B249509450022C1FE /* Base */,
			);
			name = LaunchScreen.storyboard;
			sourceTree = "<group>";
		};
/* End PBXVariantGroup section */

/* Begin XCBuildConfiguration section */
		9B67DC2E249509450022C1FE /* Debug */ = {
			isa = XCBuildConfiguration;
			buildSettings = {
				ALWAYS_SEARCH_USER_PATHS = NO;
				CLANG_ANALYZER_NONNULL = YES;
				CLANG_ANALYZER_NUMBER_OBJECT_CONVERSION = YES_AGGRESSIVE;
				CLANG_CXX_LANGUAGE_STANDARD = "gnu++14";
				CLANG_CXX_LIBRARY = "libc++";
				CLANG_ENABLE_MODULES = YES;
				CLANG_ENABLE_OBJC_ARC = YES;
				CLANG_ENABLE_OBJC_WEAK = YES;
				CLANG_WARN_BLOCK_CAPTURE_AUTORELEASING = YES;
				CLANG_WARN_BOOL_CONVERSION = YES;
				CLANG_WARN_COMMA = YES;
				CLANG_WARN_CONSTANT_CONVERSION = YES;
				CLANG_WARN_DEPRECATED_OBJC_IMPLEMENTATIONS = YES;
				CLANG_WARN_DIRECT_OBJC_ISA_USAGE = YES_ERROR;
				CLANG_WARN_DOCUMENTATION_COMMENTS = YES;
				CLANG_WARN_EMPTY_BODY = YES;
				CLANG_WARN_ENUM_CONVERSION = YES;
				CLANG_WARN_INFINITE_RECURSION = YES;
				CLANG_WARN_INT_CONVERSION = YES;
				CLANG_WARN_NON_LITERAL_NULL_CONVERSION = YES;
				CLANG_WARN_OBJC_IMPLICIT_RETAIN_SELF = YES;
				CLANG_WARN_OBJC_LITERAL_CONVERSION = YES;
				CLANG_WARN_OBJC_ROOT_CLASS = YES_ERROR;
				CLANG_WARN_RANGE_LOOP_ANALYSIS = YES;
				CLANG_WARN_STRICT_PROTOTYPES = YES;
				CLANG_WARN_SUSPICIOUS_MOVE = YES;
				CLANG_WARN_UNGUARDED_AVAILABILITY = YES_AGGRESSIVE;
				CLANG_WARN_UNREACHABLE_CODE = YES;
				CLANG_WARN__DUPLICATE_METHOD_MATCH = YES;
				COPY_PHASE_STRIP = NO;
				DEBUG_INFORMATION_FORMAT = dwarf;
				ENABLE_STRICT_OBJC_MSGSEND = YES;
				ENABLE_TESTABILITY = YES;
				GCC_C_LANGUAGE_STANDARD = gnu11;
				GCC_DYNAMIC_NO_PIC = NO;
				GCC_NO_COMMON_BLOCKS = YES;
				GCC_OPTIMIZATION_LEVEL = 0;
				GCC_PREPROCESSOR_DEFINITIONS = (
					"DEBUG=1",
					"$(inherited)",
				);
				GCC_WARN_64_TO_32_BIT_CONVERSION = YES;
				GCC_WARN_ABOUT_RETURN_TYPE = YES_ERROR;
				GCC_WARN_UNDECLARED_SELECTOR = YES;
				GCC_WARN_UNINITIALIZED_AUTOS = YES_AGGRESSIVE;
				GCC_WARN_UNUSED_FUNCTION = YES;
				GCC_WARN_UNUSED_VARIABLE = YES;
				IPHONEOS_DEPLOYMENT_TARGET = 13.5;
				MTL_ENABLE_DEBUG_INFO = INCLUDE_SOURCE;
				MTL_FAST_MATH = YES;
				ONLY_ACTIVE_ARCH = YES;
				SDKROOT = iphoneos;
				SWIFT_ACTIVE_COMPILATION_CONDITIONS = DEBUG;
				SWIFT_OPTIMIZATION_LEVEL = "-Onone";
			};
			name = Debug;
		};
		9B67DC2F249509450022C1FE /* Release */ = {
			isa = XCBuildConfiguration;
			buildSettings = {
				ALWAYS_SEARCH_USER_PATHS = NO;
				CLANG_ANALYZER_NONNULL = YES;
				CLANG_ANALYZER_NUMBER_OBJECT_CONVERSION = YES_AGGRESSIVE;
				CLANG_CXX_LANGUAGE_STANDARD = "gnu++14";
				CLANG_CXX_LIBRARY = "libc++";
				CLANG_ENABLE_MODULES = YES;
				CLANG_ENABLE_OBJC_ARC = YES;
				CLANG_ENABLE_OBJC_WEAK = YES;
				CLANG_WARN_BLOCK_CAPTURE_AUTORELEASING = YES;
				CLANG_WARN_BOOL_CONVERSION = YES;
				CLANG_WARN_COMMA = YES;
				CLANG_WARN_CONSTANT_CONVERSION = YES;
				CLANG_WARN_DEPRECATED_OBJC_IMPLEMENTATIONS = YES;
				CLANG_WARN_DIRECT_OBJC_ISA_USAGE = YES_ERROR;
				CLANG_WARN_DOCUMENTATION_COMMENTS = YES;
				CLANG_WARN_EMPTY_BODY = YES;
				CLANG_WARN_ENUM_CONVERSION = YES;
				CLANG_WARN_INFINITE_RECURSION = YES;
				CLANG_WARN_INT_CONVERSION = YES;
				CLANG_WARN_NON_LITERAL_NULL_CONVERSION = YES;
				CLANG_WARN_OBJC_IMPLICIT_RETAIN_SELF = YES;
				CLANG_WARN_OBJC_LITERAL_CONVERSION = YES;
				CLANG_WARN_OBJC_ROOT_CLASS = YES_ERROR;
				CLANG_WARN_RANGE_LOOP_ANALYSIS = YES;
				CLANG_WARN_STRICT_PROTOTYPES = YES;
				CLANG_WARN_SUSPICIOUS_MOVE = YES;
				CLANG_WARN_UNGUARDED_AVAILABILITY = YES_AGGRESSIVE;
				CLANG_WARN_UNREACHABLE_CODE = YES;
				CLANG_WARN__DUPLICATE_METHOD_MATCH = YES;
				COPY_PHASE_STRIP = NO;
				DEBUG_INFORMATION_FORMAT = "dwarf-with-dsym";
				ENABLE_NS_ASSERTIONS = NO;
				ENABLE_STRICT_OBJC_MSGSEND = YES;
				GCC_C_LANGUAGE_STANDARD = gnu11;
				GCC_NO_COMMON_BLOCKS = YES;
				GCC_WARN_64_TO_32_BIT_CONVERSION = YES;
				GCC_WARN_ABOUT_RETURN_TYPE = YES_ERROR;
				GCC_WARN_UNDECLARED_SELECTOR = YES;
				GCC_WARN_UNINITIALIZED_AUTOS = YES_AGGRESSIVE;
				GCC_WARN_UNUSED_FUNCTION = YES;
				GCC_WARN_UNUSED_VARIABLE = YES;
				IPHONEOS_DEPLOYMENT_TARGET = 13.5;
				MTL_ENABLE_DEBUG_INFO = NO;
				MTL_FAST_MATH = YES;
				SDKROOT = iphoneos;
				SWIFT_COMPILATION_MODE = wholemodule;
				SWIFT_OPTIMIZATION_LEVEL = "-O";
				VALIDATE_PRODUCT = YES;
			};
			name = Release;
		};
		9B67DC31249509450022C1FE /* Debug */ = {
			isa = XCBuildConfiguration;
			baseConfigurationReference = 48206456AB8EE2F3AAB58518 /* Pods-FirstClassTrip.debug.xcconfig */;
			buildSettings = {
				ASSETCATALOG_COMPILER_APPICON_NAME = AppIcon;
				CODE_SIGN_STYLE = Automatic;
				INFOPLIST_FILE = FirstClassTrip/Info.plist;
				LD_RUNPATH_SEARCH_PATHS = (
					"$(inherited)",
					"@executable_path/Frameworks",
				);
				PRODUCT_BUNDLE_IDENTIFIER = Triplan.FirstClassTrip;
				PRODUCT_NAME = "$(TARGET_NAME)";
				SWIFT_VERSION = 5.0;
				TARGETED_DEVICE_FAMILY = 1;
			};
			name = Debug;
		};
		9B67DC32249509450022C1FE /* Release */ = {
			isa = XCBuildConfiguration;
			baseConfigurationReference = E7DCC797728AE6A770D8E238 /* Pods-FirstClassTrip.release.xcconfig */;
			buildSettings = {
				ASSETCATALOG_COMPILER_APPICON_NAME = AppIcon;
				CODE_SIGN_STYLE = Automatic;
				INFOPLIST_FILE = FirstClassTrip/Info.plist;
				LD_RUNPATH_SEARCH_PATHS = (
					"$(inherited)",
					"@executable_path/Frameworks",
				);
				PRODUCT_BUNDLE_IDENTIFIER = Triplan.FirstClassTrip;
				PRODUCT_NAME = "$(TARGET_NAME)";
				SWIFT_VERSION = 5.0;
				TARGETED_DEVICE_FAMILY = 1;
			};
			name = Release;
		};
/* End XCBuildConfiguration section */

/* Begin XCConfigurationList section */
		9B67DC17249509440022C1FE /* Build configuration list for PBXProject "FirstClassTrip" */ = {
			isa = XCConfigurationList;
			buildConfigurations = (
				9B67DC2E249509450022C1FE /* Debug */,
				9B67DC2F249509450022C1FE /* Release */,
			);
			defaultConfigurationIsVisible = 0;
			defaultConfigurationName = Release;
		};
		9B67DC30249509450022C1FE /* Build configuration list for PBXNativeTarget "FirstClassTrip" */ = {
			isa = XCConfigurationList;
			buildConfigurations = (
				9B67DC31249509450022C1FE /* Debug */,
				9B67DC32249509450022C1FE /* Release */,
			);
			defaultConfigurationIsVisible = 0;
			defaultConfigurationName = Release;
		};
/* End XCConfigurationList section */
	};
	rootObject = 9B67DC14249509440022C1FE /* Project object */;
}
